
Microsoft Visual Studio Solution File, Format Version 12.00
# Visual Studio 2015
Project("{FAE04EC0-301F-11D3-BF4B-00C04F79EFBC}") = "Mediocre_Musketeers.CSharp.Plugins", "Mediocre_Musketeers.CSharp.Plugins.csproj", "{1EA2C048-FF39-CB72-35D6-69E28B31F086}"
EndProject
Project("{FAE04EC0-301F-11D3-BF4B-00C04F79EFBC}") = "Mediocre_Musketeers.CSharp", "Mediocre_Musketeers.CSharp.csproj", "{51FEE105-14BD-7C82-94CE-790E8458CF8C}"
EndProject
Project("{FAE04EC0-301F-11D3-BF4B-00C04F79EFBC}") = "Mediocre_Musketeers.CSharp.Editor", "Mediocre_Musketeers.CSharp.Editor.csproj", "{D4F08A25-8C2F-6100-715E-C9CD507AB56B}"
EndProject
Global
	GlobalSection(SolutionConfigurationPlatforms) = preSolution
		Debug|Any CPU = Debug|Any CPU
		Release|Any CPU = Release|Any CPU
	EndGlobalSection
	GlobalSection(ProjectConfigurationPlatforms) = postSolution
		{1EA2C048-FF39-CB72-35D6-69E28B31F086}.Debug|Any CPU.ActiveCfg = Debug|Any CPU
		{1EA2C048-FF39-CB72-35D6-69E28B31F086}.Debug|Any CPU.Build.0 = Debug|Any CPU
		{1EA2C048-FF39-CB72-35D6-69E28B31F086}.Release|Any CPU.ActiveCfg = Release|Any CPU
		{1EA2C048-FF39-CB72-35D6-69E28B31F086}.Release|Any CPU.Build.0 = Release|Any CPU
		{51FEE105-14BD-7C82-94CE-790E8458CF8C}.Debug|Any CPU.ActiveCfg = Debug|Any CPU
		{51FEE105-14BD-7C82-94CE-790E8458CF8C}.Debug|Any CPU.Build.0 = Debug|Any CPU
		{51FEE105-14BD-7C82-94CE-790E8458CF8C}.Release|Any CPU.ActiveCfg = Release|Any CPU
		{51FEE105-14BD-7C82-94CE-790E8458CF8C}.Release|Any CPU.Build.0 = Release|Any CPU
		{D4F08A25-8C2F-6100-715E-C9CD507AB56B}.Debug|Any CPU.ActiveCfg = Debug|Any CPU
		{D4F08A25-8C2F-6100-715E-C9CD507AB56B}.Debug|Any CPU.Build.0 = Debug|Any CPU
		{D4F08A25-8C2F-6100-715E-C9CD507AB56B}.Release|Any CPU.ActiveCfg = Release|Any CPU
		{D4F08A25-8C2F-6100-715E-C9CD507AB56B}.Release|Any CPU.Build.0 = Release|Any CPU
	EndGlobalSection
	GlobalSection(SolutionProperties) = preSolution
		HideSolutionNode = FALSE
	EndGlobalSection
EndGlobal
